
Microsoft Visual Studio Solution File, Format Version 12.00
# Visual Studio Version 16
VisualStudioVersion = 16.0.33529.622
MinimumVisualStudioVersion = 10.0.40219.1
Project("{FAE04EC0-301F-11D3-BF4B-00C04F79EFBC}") = "Domino_Piling", "Domino_Piling.csproj", "{622F1A05-363F-46C6-9061-0A570347E748}"
EndProject
Global
	GlobalSection(SolutionConfigurationPlatforms) = preSolution
		Debug|Any CPU = Debug|Any CPU
		Release|Any CPU = Release|Any CPU
	EndGlobalSection
	GlobalSection(ProjectConfigurationPlatforms) = postSolution
		{622F1A05-363F-46C6-9061-0A570347E748}.Debug|Any CPU.ActiveCfg = Debug|Any CPU
		{622F1A05-363F-46C6-9061-0A570347E748}.Debug|Any CPU.Build.0 = Debug|Any CPU
		{622F1A05-363F-46C6-9061-0A570347E748}.Release|Any CPU.ActiveCfg = Release|Any CPU
		{622F1A05-363F-46C6-9061-0A570347E748}.Release|Any CPU.Build.0 = Release|Any CPU
	EndGlobalSection
	GlobalSection(SolutionProperties) = preSolution
		HideSolutionNode = FALSE
	EndGlobalSection
	GlobalSection(ExtensibilityGlobals) = postSolution
		SolutionGuid = {202F2E95-603F-439A-A385-678A5ADEB6DA}
	EndGlobalSection
EndGlobal
